// !$*UTF8*$!
{
	archiveVersion = 1;
	classes = {
	};
	objectVersion = 56;
	objects = {

/* Begin PBXBuildFile section */
		9D1A9C362C9C541800F4248A /* main.swift in Sources */ = {isa = PBXBuildFile; fileRef = 9D1A9C352C9C541800F4248A /* main.swift */; };
		9D1A9C3D2C9C671A00F4248A /* setBoardDimension.swift in Sources */ = {isa = PBXBuildFile; fileRef = 9D1A9C3C2C9C671A00F4248A /* setBoardDimension.swift */; };
		9D1A9C3F2C9C6E8200F4248A /* setPlayersNames.swift in Sources */ = {isa = PBXBuildFile; fileRef = 9D1A9C3E2C9C6E8200F4248A /* setPlayersNames.swift */; };
		9D2717CF2C9D517400919B36 /* gameDeclaration.swift in Sources */ = {isa = PBXBuildFile; fileRef = 9D2717CE2C9D517400919B36 /* gameDeclaration.swift */; };
		9D2D8B6C2CA299B00076962C /* newGame.swift in Sources */ = {isa = PBXBuildFile; fileRef = 9D2D8B6B2CA299B00076962C /* newGame.swift */; };
		9D3B7B0C2CA1AFCD0003253B /* multipleGame.swift in Sources */ = {isa = PBXBuildFile; fileRef = 9D3B7B0B2CA1AFCD0003253B /* multipleGame.swift */; };
/* End PBXBuildFile section */

/* Begin PBXCopyFilesBuildPhase section */
		9D1A9C302C9C541800F4248A /* CopyFiles */ = {
			isa = PBXCopyFilesBuildPhase;
			buildActionMask = 2147483647;
			dstPath = /usr/share/man/man1/;
			dstSubfolderSpec = 0;
			files = (
			);
			runOnlyForDeploymentPostprocessing = 1;
		};
/* End PBXCopyFilesBuildPhase section */

/* Begin PBXFileReference section */
		9D1A9C322C9C541800F4248A /* Connect_Four */ = {isa = PBXFileReference; explicitFileType = "compiled.mach-o.executable"; includeInIndex = 0; path = Connect_Four; sourceTree = BUILT_PRODUCTS_DIR; };
		9D1A9C352C9C541800F4248A /* main.swift */ = {isa = PBXFileReference; lastKnownFileType = sourcecode.swift; path = main.swift; sourceTree = "<group>"; };
		9D1A9C3C2C9C671A00F4248A /* setBoardDimension.swift */ = {isa = PBXFileReference; lastKnownFileType = sourcecode.swift; path = setBoardDimension.swift; sourceTree = "<group>"; };
		9D1A9C3E2C9C6E8200F4248A /* setPlayersNames.swift */ = {isa = PBXFileReference; lastKnownFileType = sourcecode.swift; path = setPlayersNames.swift; sourceTree = "<group>"; };
		9D2717CE2C9D517400919B36 /* gameDeclaration.swift */ = {isa = PBXFileReference; lastKnownFileType = sourcecode.swift; path = gameDeclaration.swift; sourceTree = "<group>"; };
		9D2D8B6B2CA299B00076962C /* newGame.swift */ = {isa = PBXFileReference; lastKnownFileType = sourcecode.swift; path = newGame.swift; sourceTree = "<group>"; };
		9D3B7B0B2CA1AFCD0003253B /* multipleGame.swift */ = {isa = PBXFileReference; lastKnownFileType = sourcecode.swift; path = multipleGame.swift; sourceTree = "<group>"; };
/* End PBXFileReference section */

/* Begin PBXFrameworksBuildPhase section */
		9D1A9C2F2C9C541800F4248A /* Frameworks */ = {
			isa = PBXFrameworksBuildPhase;
			buildActionMask = 2147483647;
			files = (
			);
			runOnlyForDeploymentPostprocessing = 0;
		};
/* End PBXFrameworksBuildPhase section */

/* Begin PBXGroup section */
		9D1A9C292C9C541800F4248A = {
			isa = PBXGroup;
			children = (
				9D1A9C342C9C541800F4248A /* Connect_Four */,
				9D1A9C332C9C541800F4248A /* Products */,
			);
			sourceTree = "<group>";
		};
		9D1A9C332C9C541800F4248A /* Products */ = {
			isa = PBXGroup;
			children = (
				9D1A9C322C9C541800F4248A /* Connect_Four */,
			);
			name = Products;
			sourceTree = "<group>";
		};
		9D1A9C342C9C541800F4248A /* Connect_Four */ = {
			isa = PBXGroup;
			children = (
				9D1A9C352C9C541800F4248A /* main.swift */,
				9D1A9C3E2C9C6E8200F4248A /* setPlayersNames.swift */,
				9D1A9C3C2C9C671A00F4248A /* setBoardDimension.swift */,
				9D3B7B0B2CA1AFCD0003253B /* multipleGame.swift */,
				9D2717CE2C9D517400919B36 /* gameDeclaration.swift */,
				9D2D8B6B2CA299B00076962C /* newGame.swift */,
			);
			path = Connect_Four;
			sourceTree = "<group>";
		};
/* End PBXGroup section */

/* Begin PBXNativeTarget section */
		9D1A9C312C9C541800F4248A /* Connect_Four */ = {
			isa = PBXNativeTarget;
			buildConfigurationList = 9D1A9C392C9C541800F4248A /* Build configuration list for PBXNativeTarget "Connect_Four" */;
			buildPhases = (
				9D1A9C2E2C9C541800F4248A /* Sources */,
				9D1A9C2F2C9C541800F4248A /* Frameworks */,
				9D1A9C302C9C541800F4248A /* CopyFiles */,
			);
			buildRules = (
			);
			dependencies = (
			);
			name = Connect_Four;
			productName = Connect_Four;
			productReference = 9D1A9C322C9C541800F4248A /* Connect_Four */;
			productType = "com.apple.product-type.tool";
		};
/* End PBXNativeTarget section */

/* Begin PBXProject section */
		9D1A9C2A2C9C541800F4248A /* Project object */ = {
			isa = PBXProject;
			attributes = {
				BuildIndependentTargetsInParallel = 1;
				LastSwiftUpdateCheck = 1520;
				LastUpgradeCheck = 1520;
				TargetAttributes = {
					9D1A9C312C9C541800F4248A = {
						CreatedOnToolsVersion = 15.2;
					};
				};
			};
			buildConfigurationList = 9D1A9C2D2C9C541800F4248A /* Build configuration list for PBXProject "Connect_Four" */;
			compatibilityVersion = "Xcode 14.0";
			developmentRegion = en;
			hasScannedForEncodings = 0;
			knownRegions = (
				en,
				Base,
			);
			mainGroup = 9D1A9C292C9C541800F4248A;
			productRefGroup = 9D1A9C332C9C541800F4248A /* Products */;
			projectDirPath = "";
			projectRoot = "";
			targets = (
				9D1A9C312C9C541800F4248A /* Connect_Four */,
			);
		};
/* End PBXProject section */

/* Begin PBXSourcesBuildPhase section */
		9D1A9C2E2C9C541800F4248A /* Sources */ = {
			isa = PBXSourcesBuildPhase;
			buildActionMask = 2147483647;
			files = (
				9D1A9C3F2C9C6E8200F4248A /* setPlayersNames.swift in Sources */,
				9D2717CF2C9D517400919B36 /* gameDeclaration.swift in Sources */,
				9D2D8B6C2CA299B00076962C /* newGame.swift in Sources */,
				9D1A9C3D2C9C671A00F4248A /* setBoardDimension.swift in Sources */,
				9D3B7B0C2CA1AFCD0003253B /* multipleGame.swift in Sources */,
				9D1A9C362C9C541800F4248A /* main.swift in Sources */,
			);
			runOnlyForDeploymentPostprocessing = 0;
		};
/* End PBXSourcesBuildPhase section */

/* Begin XCBuildConfiguration section */
		9D1A9C372C9C541800F4248A /* Debug */ = {
			isa = XCBuildConfiguration;
			buildSettings = {
				ALWAYS_SEARCH_USER_PATHS = NO;
				ASSETCATALOG_COMPILER_GENERATE_SWIFT_ASSET_SYMBOL_EXTENSIONS = YES;
				CLANG_ANALYZER_NONNULL = YES;
				CLANG_ANALYZER_NUMBER_OBJECT_CONVERSION = YES_AGGRESSIVE;
				CLANG_CXX_LANGUAGE_STANDARD = "gnu++20";
				CLANG_ENABLE_MODULES = YES;
				CLANG_ENABLE_OBJC_ARC = YES;
				CLANG_ENABLE_OBJC_WEAK = YES;
				CLANG_WARN_BLOCK_CAPTURE_AUTORELEASING = YES;
				CLANG_WARN_BOOL_CONVERSION = YES;
				CLANG_WARN_COMMA = YES;
				CLANG_WARN_CONSTANT_CONVERSION = YES;
				CLANG_WARN_DEPRECATED_OBJC_IMPLEMENTATIONS = YES;
				CLANG_WARN_DIRECT_OBJC_ISA_USAGE = YES_ERROR;
				CLANG_WARN_DOCUMENTATION_COMMENTS = YES;
				CLANG_WARN_EMPTY_BODY = YES;
				CLANG_WARN_ENUM_CONVERSION = YES;
				CLANG_WARN_INFINITE_RECURSION = YES;
				CLANG_WARN_INT_CONVERSION = YES;
				CLANG_WARN_NON_LITERAL_NULL_CONVERSION = YES;
				CLANG_WARN_OBJC_IMPLICIT_RETAIN_SELF = YES;
				CLANG_WARN_OBJC_LITERAL_CONVERSION = YES;
				CLANG_WARN_OBJC_ROOT_CLASS = YES_ERROR;
				CLANG_WARN_QUOTED_INCLUDE_IN_FRAMEWORK_HEADER = YES;
				CLANG_WARN_RANGE_LOOP_ANALYSIS = YES;
				CLANG_WARN_STRICT_PROTOTYPES = YES;
				CLANG_WARN_SUSPICIOUS_MOVE = YES;
				CLANG_WARN_UNGUARDED_AVAILABILITY = YES_AGGRESSIVE;
				CLANG_WARN_UNREACHABLE_CODE = YES;
				CLANG_WARN__DUPLICATE_METHOD_MATCH = YES;
				COPY_PHASE_STRIP = NO;
				DEBUG_INFORMATION_FORMAT = dwarf;
				ENABLE_STRICT_OBJC_MSGSEND = YES;
				ENABLE_TESTABILITY = YES;
				ENABLE_USER_SCRIPT_SANDBOXING = YES;
				GCC_C_LANGUAGE_STANDARD = gnu17;
				GCC_DYNAMIC_NO_PIC = NO;
				GCC_NO_COMMON_BLOCKS = YES;
				GCC_OPTIMIZATION_LEVEL = 0;
				GCC_PREPROCESSOR_DEFINITIONS = (
					"DEBUG=1",
					"$(inherited)",
				);
				GCC_WARN_64_TO_32_BIT_CONVERSION = YES;
				GCC_WARN_ABOUT_RETURN_TYPE = YES_ERROR;
				GCC_WARN_UNDECLARED_SELECTOR = YES;
				GCC_WARN_UNINITIALIZED_AUTOS = YES_AGGRESSIVE;
				GCC_WARN_UNUSED_FUNCTION = YES;
				GCC_WARN_UNUSED_VARIABLE = YES;
				LOCALIZATION_PREFERS_STRING_CATALOGS = YES;
				MACOSX_DEPLOYMENT_TARGET = 14.2;
				MTL_ENABLE_DEBUG_INFO = INCLUDE_SOURCE;
				MTL_FAST_MATH = YES;
				ONLY_ACTIVE_ARCH = YES;
				SDKROOT = macosx;
				SWIFT_ACTIVE_COMPILATION_CONDITIONS = "DEBUG $(inherited)";
				SWIFT_OPTIMIZATION_LEVEL = "-Onone";
			};
			name = Debug;
		};
		9D1A9C382C9C541800F4248A /* Release */ = {
			isa = XCBuildConfiguration;
			buildSettings = {
				ALWAYS_SEARCH_USER_PATHS = NO;
				ASSETCATALOG_COMPILER_GENERATE_SWIFT_ASSET_SYMBOL_EXTENSIONS = YES;
				CLANG_ANALYZER_NONNULL = YES;
				CLANG_ANALYZER_NUMBER_OBJECT_CONVERSION = YES_AGGRESSIVE;
				CLANG_CXX_LANGUAGE_STANDARD = "gnu++20";
				CLANG_ENABLE_MODULES = YES;
				CLANG_ENABLE_OBJC_ARC = YES;
				CLANG_ENABLE_OBJC_WEAK = YES;
				CLANG_WARN_BLOCK_CAPTURE_AUTORELEASING = YES;
				CLANG_WARN_BOOL_CONVERSION = YES;
				CLANG_WARN_COMMA = YES;
				CLANG_WARN_CONSTANT_CONVERSION = YES;
				CLANG_WARN_DEPRECATED_OBJC_IMPLEMENTATIONS = YES;
				CLANG_WARN_DIRECT_OBJC_ISA_USAGE = YES_ERROR;
				CLANG_WARN_DOCUMENTATION_COMMENTS = YES;
				CLANG_WARN_EMPTY_BODY = YES;
				CLANG_WARN_ENUM_CONVERSION = YES;
				CLANG_WARN_INFINITE_RECURSION = YES;
				CLANG_WARN_INT_CONVERSION = YES;
				CLANG_WARN_NON_LITERAL_NULL_CONVERSION = YES;
				CLANG_WARN_OBJC_IMPLICIT_RETAIN_SELF = YES;
				CLANG_WARN_OBJC_LITERAL_CONVERSION = YES;
				CLANG_WARN_OBJC_ROOT_CLASS = YES_ERROR;
				CLANG_WARN_QUOTED_INCLUDE_IN_FRAMEWORK_HEADER = YES;
				CLANG_WARN_RANGE_LOOP_ANALYSIS = YES;
				CLANG_WARN_STRICT_PROTOTYPES = YES;
				CLANG_WARN_SUSPICIOUS_MOVE = YES;
				CLANG_WARN_UNGUARDED_AVAILABILITY = YES_AGGRESSIVE;
				CLANG_WARN_UNREACHABLE_CODE = YES;
				CLANG_WARN__DUPLICATE_METHOD_MATCH = YES;
				COPY_PHASE_STRIP = NO;
				DEBUG_INFORMATION_FORMAT = "dwarf-with-dsym";
				ENABLE_NS_ASSERTIONS = NO;
				ENABLE_STRICT_OBJC_MSGSEND = YES;
				ENABLE_USER_SCRIPT_SANDBOXING = YES;
				GCC_C_LANGUAGE_STANDARD = gnu17;
				GCC_NO_COMMON_BLOCKS = YES;
				GCC_WARN_64_TO_32_BIT_CONVERSION = YES;
				GCC_WARN_ABOUT_RETURN_TYPE = YES_ERROR;
				GCC_WARN_UNDECLARED_SELECTOR = YES;
				GCC_WARN_UNINITIALIZED_AUTOS = YES_AGGRESSIVE;
				GCC_WARN_UNUSED_FUNCTION = YES;
				GCC_WARN_UNUSED_VARIABLE = YES;
				LOCALIZATION_PREFERS_STRING_CATALOGS = YES;
				MACOSX_DEPLOYMENT_TARGET = 14.2;
				MTL_ENABLE_DEBUG_INFO = NO;
				MTL_FAST_MATH = YES;
				SDKROOT = macosx;
				SWIFT_COMPILATION_MODE = wholemodule;
			};
			name = Release;
		};
		9D1A9C3A2C9C541800F4248A /* Debug */ = {
			isa = XCBuildConfiguration;
			buildSettings = {
				CODE_SIGN_STYLE = Automatic;
				PRODUCT_NAME = "$(TARGET_NAME)";
				SWIFT_VERSION = 5.0;
			};
			name = Debug;
		};
		9D1A9C3B2C9C541800F4248A /* Release */ = {
			isa = XCBuildConfiguration;
			buildSettings = {
				CODE_SIGN_STYLE = Automatic;
				PRODUCT_NAME = "$(TARGET_NAME)";
				SWIFT_VERSION = 5.0;
			};
			name = Release;
		};
/* End XCBuildConfiguration section */

/* Begin XCConfigurationList section */
		9D1A9C2D2C9C541800F4248A /* Build configuration list for PBXProject "Connect_Four" */ = {
			isa = XCConfigurationList;
			buildConfigurations = (
				9D1A9C372C9C541800F4248A /* Debug */,
				9D1A9C382C9C541800F4248A /* Release */,
			);
			defaultConfigurationIsVisible = 0;
			defaultConfigurationName = Release;
		};
		9D1A9C392C9C541800F4248A /* Build configuration list for PBXNativeTarget "Connect_Four" */ = {
			isa = XCConfigurationList;
			buildConfigurations = (
				9D1A9C3A2C9C541800F4248A /* Debug */,
				9D1A9C3B2C9C541800F4248A /* Release */,
			);
			defaultConfigurationIsVisible = 0;
			defaultConfigurationName = Release;
		};
/* End XCConfigurationList section */
	};
	rootObject = 9D1A9C2A2C9C541800F4248A /* Project object */;
}
